
Microsoft Visual Studio Solution File, Format Version 12.00
# Visual Studio Version 17
VisualStudioVersion = 17.3.32929.385
MinimumVisualStudioVersion = 10.0.40219.1
Project("{888888A0-9F3D-457C-B088-3A5042F75D52}") = "очко", "очко.pyproj", "{5A52472D-EF18-4CB2-BB79-2E48EE17590B}"
EndProject
Global
	GlobalSection(SolutionConfigurationPlatforms) = preSolution
		Debug|Any CPU = Debug|Any CPU
		Release|Any CPU = Release|Any CPU
	EndGlobalSection
	GlobalSection(ProjectConfigurationPlatforms) = postSolution
		{5A52472D-EF18-4CB2-BB79-2E48EE17590B}.Debug|Any CPU.ActiveCfg = Debug|Any CPU
		{5A52472D-EF18-4CB2-BB79-2E48EE17590B}.Release|Any CPU.ActiveCfg = Release|Any CPU
	EndGlobalSection
	GlobalSection(SolutionProperties) = preSolution
		HideSolutionNode = FALSE
	EndGlobalSection
	GlobalSection(ExtensibilityGlobals) = postSolution
		SolutionGuid = {22293816-097B-4D3B-9856-4728F5E0B681}
	EndGlobalSection
EndGlobal
